{
  "version": 4,
  "terraform_version": "1.12.2",
  "serial": 9,
  "lineage": "e877b9ee-4a9d-44cd-b964-9a250e15f8a1",
  "outputs": {
    "public_ip_address": {
      "value": "172.174.33.22",
      "type": "string"
    }
  },
  "resources": [
    {
      "mode": "data",
      "type": "cloudinit_config",
      "name": "config",
      "provider": "provider[\"registry.terraform.io/hashicorp/cloudinit\"]",
      "instances": [
        {
          "schema_version": 0,
          "attributes": {
            "base64_encode": true,
            "boundary": "MIMEBOUNDARY",
            "gzip": true,
            "id": "2687717418",
            "part": [
              {
                "content": "#!/bin/bash\n# Install Docker\napt-get update\napt-get install -y docker.io\n# Add the admin user to the docker group\nusermod -aG docker azureuser\n# Start and enable Docker service\nsystemctl start docker\nsystemctl enable docker\n",
                "content_type": "text/x-shellscript",
                "filename": null,
                "merge_type": null
              }
            ],
            "rendered": "H4sIAAAAAAAA/2SQT0/zMAzG75H6Hfyu56wvJ6QhDoNNaIeBxD+Jo9uYLSJ1KsdBK58erStTBUf//MvzRL6NrMRqn/uOFtDmoL5D0ar1B3JXUMfMDqW/nm032/XNw8v9avn4NjPHyb6SJB95ARfz/4UpjLVTqTDnbEFO7yR2zU10nncLuKy9ToShXOmg1cGmPYWQGvGdFmbrW/rTU/6ras9VjWlvSthwUgwBVrH5IDHYqd2RQu4cKp1HP1q2BzeIcx9NCUvnQPcE6FrPkBMJaBzIyYKdxNyZ46KNDize/SzwKwsduSnhSVEUkB0QYx1o/Askkk/fkEl9UmobDZAG8xQxweOzkf++pLWF+Q4AAP//MCit5qgBAAA="
          },
          "sensitive_attributes": [],
          "identity_schema_version": 0
        }
      ]
    },
    {
      "mode": "managed",
      "type": "azurerm_linux_virtual_machine",
      "name": "vm",
      "provider": "provider[\"registry.terraform.io/hashicorp/azurerm\"]",
      "instances": [
        {
          "schema_version": 0,
          "attributes": {
            "additional_capabilities": [],
            "admin_password": "Microsoft@123",
            "admin_ssh_key": [],
            "admin_username": "azureuser",
            "allow_extension_operations": true,
            "availability_set_id": "",
            "boot_diagnostics": [],
            "bypass_platform_safety_checks_on_user_schedule_enabled": false,
            "capacity_reservation_group_id": "",
            "computer_name": "QuizGameVM",
            "custom_data": "H4sIAAAAAAAA/2SQT0/zMAzG75H6Hfyu56wvJ6QhDoNNaIeBxD+Jo9uYLSJ1KsdBK58erStTBUf//MvzRL6NrMRqn/uOFtDmoL5D0ar1B3JXUMfMDqW/nm032/XNw8v9avn4NjPHyb6SJB95ARfz/4UpjLVTqTDnbEFO7yR2zU10nncLuKy9ToShXOmg1cGmPYWQGvGdFmbrW/rTU/6ras9VjWlvSthwUgwBVrH5IDHYqd2RQu4cKp1HP1q2BzeIcx9NCUvnQPcE6FrPkBMJaBzIyYKdxNyZ46KNDize/SzwKwsduSnhSVEUkB0QYx1o/Askkk/fkEl9UmobDZAG8xQxweOzkf++pLWF+Q4AAP//MCit5qgBAAA=",
            "dedicated_host_group_id": "",
            "dedicated_host_id": "",
            "disable_password_authentication": false,
            "disk_controller_type": "SCSI",
            "edge_zone": "",
            "encryption_at_host_enabled": false,
            "eviction_policy": "",
            "extensions_time_budget": "PT1H30M",
            "gallery_application": [],
            "id": "/subscriptions/b9316dbf-94e2-4ec6-ac43-8adc05097639/resourceGroups/QuizGameResourceGroup/providers/Microsoft.Compute/virtualMachines/QuizGameVM",
            "identity": [],
            "license_type": "",
            "location": "eastus",
            "max_bid_price": -1,
            "name": "QuizGameVM",
            "network_interface_ids": [
              "/subscriptions/b9316dbf-94e2-4ec6-ac43-8adc05097639/resourceGroups/QuizGameResourceGroup/providers/Microsoft.Network/networkInterfaces/QuizGameVM-nic"
            ],
            "os_disk": [
              {
                "caching": "ReadWrite",
                "diff_disk_settings": [],
                "disk_encryption_set_id": "",
                "disk_size_gb": 30,
                "name": "QuizGameVM_OsDisk_1_57e121d712054ddc8c0bfddde5902666",
                "secure_vm_disk_encryption_set_id": "",
                "security_encryption_type": "",
                "storage_account_type": "Standard_LRS",
                "write_accelerator_enabled": false
              }
            ],
            "os_image_notification": [],
            "patch_assessment_mode": "ImageDefault",
            "patch_mode": "ImageDefault",
            "plan": [],
            "platform_fault_domain": -1,
            "priority": "Regular",
            "private_ip_address": "10.0.1.4",
            "private_ip_addresses": [
              "10.0.1.4"
            ],
            "provision_vm_agent": true,
            "proximity_placement_group_id": "",
            "public_ip_address": "172.174.33.22",
            "public_ip_addresses": [
              "172.174.33.22"
            ],
            "reboot_setting": "",
            "resource_group_name": "QuizGameResourceGroup",
            "secret": [],
            "secure_boot_enabled": false,
            "size": "Standard_B1s",
            "source_image_id": "",
            "source_image_reference": [
              {
                "offer": "0001-com-ubuntu-server-focal",
                "publisher": "Canonical",
                "sku": "20_04-lts-gen2",
                "version": "latest"
              }
            ],
            "tags": null,
            "termination_notification": null,
            "timeouts": null,
            "user_data": "",
            "virtual_machine_id": "8c812c82-6ecf-46c4-99b0-5c97053843f3",
            "virtual_machine_scale_set_id": "",
            "vm_agent_platform_updates_enabled": false,
            "vtpm_enabled": false,
            "zone": ""
          },
          "sensitive_attributes": [
            [
              {
                "type": "get_attr",
                "value": "admin_password"
              }
            ],
            [
              {
                "type": "get_attr",
                "value": "custom_data"
              }
            ]
          ],
          "identity_schema_version": 0,
          "private": "eyJlMmJmYjczMC1lY2FhLTExZTYtOGY4OC0zNDM2M2JjN2M0YzAiOnsiY3JlYXRlIjoyNzAwMDAwMDAwMDAwLCJkZWxldGUiOjI3MDAwMDAwMDAwMDAsInJlYWQiOjMwMDAwMDAwMDAwMCwidXBkYXRlIjoyNzAwMDAwMDAwMDAwfX0=",
          "dependencies": [
            "azurerm_network_interface.nic",
            "azurerm_public_ip.pip",
            "azurerm_resource_group.rg",
            "azurerm_subnet.subnet",
            "azurerm_virtual_network.vnet",
            "data.cloudinit_config.config"
          ]
        }
      ]
    },
    {
      "mode": "managed",
      "type": "azurerm_network_interface",
      "name": "nic",
      "provider": "provider[\"registry.terraform.io/hashicorp/azurerm\"]",
      "instances": [
        {
          "schema_version": 0,
          "attributes": {
            "accelerated_networking_enabled": false,
            "applied_dns_servers": [],
            "auxiliary_mode": "",
            "auxiliary_sku": "",
            "dns_servers": [],
            "edge_zone": "",
            "enable_accelerated_networking": false,
            "enable_ip_forwarding": false,
            "id": "/subscriptions/b9316dbf-94e2-4ec6-ac43-8adc05097639/resourceGroups/QuizGameResourceGroup/providers/Microsoft.Network/networkInterfaces/QuizGameVM-nic",
            "internal_dns_name_label": "",
            "internal_domain_name_suffix": "lexgkbvbxyku1kr0yebmqflqrf.bx.internal.cloudapp.net",
            "ip_configuration": [
              {
                "gateway_load_balancer_frontend_ip_configuration_id": "",
                "name": "internal",
                "primary": true,
                "private_ip_address": "10.0.1.4",
                "private_ip_address_allocation": "Dynamic",
                "private_ip_address_version": "IPv4",
                "public_ip_address_id": "/subscriptions/b9316dbf-94e2-4ec6-ac43-8adc05097639/resourceGroups/QuizGameResourceGroup/providers/Microsoft.Network/publicIPAddresses/QuizGameVM-pip",
                "subnet_id": "/subscriptions/b9316dbf-94e2-4ec6-ac43-8adc05097639/resourceGroups/QuizGameResourceGroup/providers/Microsoft.Network/virtualNetworks/QuizGameVM-vnet/subnets/QuizGameVM-subnet"
              }
            ],
            "ip_forwarding_enabled": false,
            "location": "eastus",
            "mac_address": "",
            "name": "QuizGameVM-nic",
            "private_ip_address": "10.0.1.4",
            "private_ip_addresses": [
              "10.0.1.4"
            ],
            "resource_group_name": "QuizGameResourceGroup",
            "tags": null,
            "timeouts": null,
            "virtual_machine_id": ""
          },
          "sensitive_attributes": [],
          "identity_schema_version": 0,
          "private": "eyJlMmJmYjczMC1lY2FhLTExZTYtOGY4OC0zNDM2M2JjN2M0YzAiOnsiY3JlYXRlIjoxODAwMDAwMDAwMDAwLCJkZWxldGUiOjE4MDAwMDAwMDAwMDAsInJlYWQiOjMwMDAwMDAwMDAwMCwidXBkYXRlIjoxODAwMDAwMDAwMDAwfX0=",
          "dependencies": [
            "azurerm_public_ip.pip",
            "azurerm_resource_group.rg",
            "azurerm_subnet.subnet",
            "azurerm_virtual_network.vnet"
          ]
        }
      ]
    },
    {
      "mode": "managed",
      "type": "azurerm_network_interface_security_group_association",
      "name": "nsg_assoc",
      "provider": "provider[\"registry.terraform.io/hashicorp/azurerm\"]",
      "instances": [
        {
          "schema_version": 0,
          "attributes": {
            "id": "/subscriptions/b9316dbf-94e2-4ec6-ac43-8adc05097639/resourceGroups/QuizGameResourceGroup/providers/Microsoft.Network/networkInterfaces/QuizGameVM-nic|/subscriptions/b9316dbf-94e2-4ec6-ac43-8adc05097639/resourceGroups/QuizGameResourceGroup/providers/Microsoft.Network/networkSecurityGroups/QuizGameVM-nsg",
            "network_interface_id": "/subscriptions/b9316dbf-94e2-4ec6-ac43-8adc05097639/resourceGroups/QuizGameResourceGroup/providers/Microsoft.Network/networkInterfaces/QuizGameVM-nic",
            "network_security_group_id": "/subscriptions/b9316dbf-94e2-4ec6-ac43-8adc05097639/resourceGroups/QuizGameResourceGroup/providers/Microsoft.Network/networkSecurityGroups/QuizGameVM-nsg",
            "timeouts": null
          },
          "sensitive_attributes": [],
          "identity_schema_version": 0,
          "private": "eyJlMmJmYjczMC1lY2FhLTExZTYtOGY4OC0zNDM2M2JjN2M0YzAiOnsiY3JlYXRlIjoxODAwMDAwMDAwMDAwLCJkZWxldGUiOjE4MDAwMDAwMDAwMDAsInJlYWQiOjMwMDAwMDAwMDAwMH19",
          "dependencies": [
            "azurerm_network_interface.nic",
            "azurerm_network_security_group.nsg",
            "azurerm_public_ip.pip",
            "azurerm_resource_group.rg",
            "azurerm_subnet.subnet",
            "azurerm_virtual_network.vnet"
          ]
        }
      ]
    },
    {
      "mode": "managed",
      "type": "azurerm_network_security_group",
      "name": "nsg",
      "provider": "provider[\"registry.terraform.io/hashicorp/azurerm\"]",
      "instances": [
        {
          "schema_version": 0,
          "attributes": {
            "id": "/subscriptions/b9316dbf-94e2-4ec6-ac43-8adc05097639/resourceGroups/QuizGameResourceGroup/providers/Microsoft.Network/networkSecurityGroups/QuizGameVM-nsg",
            "location": "eastus",
            "name": "QuizGameVM-nsg",
            "resource_group_name": "QuizGameResourceGroup",
            "security_rule": [
              {
                "access": "Allow",
                "description": "",
                "destination_address_prefix": "*",
                "destination_address_prefixes": [],
                "destination_application_security_group_ids": [],
                "destination_port_range": "22",
                "destination_port_ranges": [],
                "direction": "Inbound",
                "name": "SSH",
                "priority": 1001,
                "protocol": "Tcp",
                "source_address_prefix": "*",
                "source_address_prefixes": [],
                "source_application_security_group_ids": [],
                "source_port_range": "*",
                "source_port_ranges": []
              }
            ],
            "tags": null,
            "timeouts": null
          },
          "sensitive_attributes": [],
          "identity_schema_version": 0,
          "private": "eyJlMmJmYjczMC1lY2FhLTExZTYtOGY4OC0zNDM2M2JjN2M0YzAiOnsiY3JlYXRlIjoxODAwMDAwMDAwMDAwLCJkZWxldGUiOjE4MDAwMDAwMDAwMDAsInJlYWQiOjMwMDAwMDAwMDAwMCwidXBkYXRlIjoxODAwMDAwMDAwMDAwfX0=",
          "dependencies": [
            "azurerm_resource_group.rg"
          ]
        }
      ]
    },
    {
      "mode": "managed",
      "type": "azurerm_public_ip",
      "name": "pip",
      "provider": "provider[\"registry.terraform.io/hashicorp/azurerm\"]",
      "instances": [
        {
          "schema_version": 0,
          "attributes": {
            "allocation_method": "Static",
            "ddos_protection_mode": "VirtualNetworkInherited",
            "ddos_protection_plan_id": null,
            "domain_name_label": null,
            "edge_zone": "",
            "fqdn": null,
            "id": "/subscriptions/b9316dbf-94e2-4ec6-ac43-8adc05097639/resourceGroups/QuizGameResourceGroup/providers/Microsoft.Network/publicIPAddresses/QuizGameVM-pip",
            "idle_timeout_in_minutes": 4,
            "ip_address": "172.174.33.22",
            "ip_tags": null,
            "ip_version": "IPv4",
            "location": "eastus",
            "name": "QuizGameVM-pip",
            "public_ip_prefix_id": null,
            "resource_group_name": "QuizGameResourceGroup",
            "reverse_fqdn": null,
            "sku": "Standard",
            "sku_tier": "Regional",
            "tags": null,
            "timeouts": null,
            "zones": null
          },
          "sensitive_attributes": [],
          "identity_schema_version": 0,
          "private": "eyJlMmJmYjczMC1lY2FhLTExZTYtOGY4OC0zNDM2M2JjN2M0YzAiOnsiY3JlYXRlIjoxODAwMDAwMDAwMDAwLCJkZWxldGUiOjE4MDAwMDAwMDAwMDAsInJlYWQiOjMwMDAwMDAwMDAwMCwidXBkYXRlIjoxODAwMDAwMDAwMDAwfX0=",
          "dependencies": [
            "azurerm_resource_group.rg"
          ]
        }
      ]
    },
    {
      "mode": "managed",
      "type": "azurerm_resource_group",
      "name": "rg",
      "provider": "provider[\"registry.terraform.io/hashicorp/azurerm\"]",
      "instances": [
        {
          "schema_version": 0,
          "attributes": {
            "id": "/subscriptions/b9316dbf-94e2-4ec6-ac43-8adc05097639/resourceGroups/QuizGameResourceGroup",
            "location": "eastus",
            "managed_by": "",
            "name": "QuizGameResourceGroup",
            "tags": null,
            "timeouts": null
          },
          "sensitive_attributes": [],
          "identity_schema_version": 0,
          "private": "eyJlMmJmYjczMC1lY2FhLTExZTYtOGY4OC0zNDM2M2JjN2M0YzAiOnsiY3JlYXRlIjo1NDAwMDAwMDAwMDAwLCJkZWxldGUiOjU0MDAwMDAwMDAwMDAsInJlYWQiOjMwMDAwMDAwMDAwMCwidXBkYXRlIjo1NDAwMDAwMDAwMDAwfX0="
        }
      ]
    },
    {
      "mode": "managed",
      "type": "azurerm_subnet",
      "name": "subnet",
      "provider": "provider[\"registry.terraform.io/hashicorp/azurerm\"]",
      "instances": [
        {
          "schema_version": 0,
          "attributes": {
            "address_prefixes": [
              "10.0.1.0/24"
            ],
            "default_outbound_access_enabled": true,
            "delegation": [],
            "enforce_private_link_endpoint_network_policies": false,
            "enforce_private_link_service_network_policies": false,
            "id": "/subscriptions/b9316dbf-94e2-4ec6-ac43-8adc05097639/resourceGroups/QuizGameResourceGroup/providers/Microsoft.Network/virtualNetworks/QuizGameVM-vnet/subnets/QuizGameVM-subnet",
            "name": "QuizGameVM-subnet",
            "private_endpoint_network_policies": "Enabled",
            "private_endpoint_network_policies_enabled": true,
            "private_link_service_network_policies_enabled": true,
            "resource_group_name": "QuizGameResourceGroup",
            "service_endpoint_policy_ids": null,
            "service_endpoints": null,
            "timeouts": null,
            "virtual_network_name": "QuizGameVM-vnet"
          },
          "sensitive_attributes": [],
          "identity_schema_version": 0,
          "private": "eyJlMmJmYjczMC1lY2FhLTExZTYtOGY4OC0zNDM2M2JjN2M0YzAiOnsiY3JlYXRlIjoxODAwMDAwMDAwMDAwLCJkZWxldGUiOjE4MDAwMDAwMDAwMDAsInJlYWQiOjMwMDAwMDAwMDAwMCwidXBkYXRlIjoxODAwMDAwMDAwMDAwfX0=",
          "dependencies": [
            "azurerm_resource_group.rg",
            "azurerm_virtual_network.vnet"
          ]
        }
      ]
    },
    {
      "mode": "managed",
      "type": "azurerm_virtual_network",
      "name": "vnet",
      "provider": "provider[\"registry.terraform.io/hashicorp/azurerm\"]",
      "instances": [
        {
          "schema_version": 0,
          "attributes": {
            "address_space": [
              "10.0.0.0/16"
            ],
            "bgp_community": "",
            "ddos_protection_plan": [],
            "dns_servers": [],
            "edge_zone": "",
            "encryption": [],
            "flow_timeout_in_minutes": 0,
            "guid": "06652e59-bea1-4d15-aa3a-c102c815708d",
            "id": "/subscriptions/b9316dbf-94e2-4ec6-ac43-8adc05097639/resourceGroups/QuizGameResourceGroup/providers/Microsoft.Network/virtualNetworks/QuizGameVM-vnet",
            "location": "eastus",
            "name": "QuizGameVM-vnet",
            "resource_group_name": "QuizGameResourceGroup",
            "subnet": [],
            "tags": null,
            "timeouts": null
          },
          "sensitive_attributes": [],
          "identity_schema_version": 0,
          "private": "eyJlMmJmYjczMC1lY2FhLTExZTYtOGY4OC0zNDM2M2JjN2M0YzAiOnsiY3JlYXRlIjoxODAwMDAwMDAwMDAwLCJkZWxldGUiOjE4MDAwMDAwMDAwMDAsInJlYWQiOjMwMDAwMDAwMDAwMCwidXBkYXRlIjoxODAwMDAwMDAwMDAwfX0=",
          "dependencies": [
            "azurerm_resource_group.rg"
          ]
        }
      ]
    }
  ],
  "check_results": null
}
